
Microsoft Visual Studio Solution File, Format Version 12.00
# Visual Studio 2015
Project("{FAE04EC0-301F-11D3-BF4B-00C04F79EFBC}") = "StencilTest.CSharp.Plugins", "StencilTest.CSharp.Plugins.csproj", "{5FD6E469-9337-4156-ABB7-5A6367A2C334}"
EndProject
Project("{FAE04EC0-301F-11D3-BF4B-00C04F79EFBC}") = "StencilTest.CSharp", "StencilTest.CSharp.csproj", "{F380B213-07CC-C4AD-1417-83FA1FF00FE6}"
EndProject
Project("{FAE04EC0-301F-11D3-BF4B-00C04F79EFBC}") = "StencilTest.CSharp.Editor", "StencilTest.CSharp.Editor.csproj", "{7999B608-513F-9B26-83C6-8CEF846BA060}"
EndProject
Global
	GlobalSection(SolutionConfigurationPlatforms) = preSolution
		Debug|Any CPU = Debug|Any CPU
		Release|Any CPU = Release|Any CPU
	EndGlobalSection
	GlobalSection(ProjectConfigurationPlatforms) = postSolution
		{5FD6E469-9337-4156-ABB7-5A6367A2C334}.Debug|Any CPU.ActiveCfg = Debug|Any CPU
		{5FD6E469-9337-4156-ABB7-5A6367A2C334}.Debug|Any CPU.Build.0 = Debug|Any CPU
		{5FD6E469-9337-4156-ABB7-5A6367A2C334}.Release|Any CPU.ActiveCfg = Release|Any CPU
		{5FD6E469-9337-4156-ABB7-5A6367A2C334}.Release|Any CPU.Build.0 = Release|Any CPU
		{F380B213-07CC-C4AD-1417-83FA1FF00FE6}.Debug|Any CPU.ActiveCfg = Debug|Any CPU
		{F380B213-07CC-C4AD-1417-83FA1FF00FE6}.Debug|Any CPU.Build.0 = Debug|Any CPU
		{F380B213-07CC-C4AD-1417-83FA1FF00FE6}.Release|Any CPU.ActiveCfg = Release|Any CPU
		{F380B213-07CC-C4AD-1417-83FA1FF00FE6}.Release|Any CPU.Build.0 = Release|Any CPU
		{7999B608-513F-9B26-83C6-8CEF846BA060}.Debug|Any CPU.ActiveCfg = Debug|Any CPU
		{7999B608-513F-9B26-83C6-8CEF846BA060}.Debug|Any CPU.Build.0 = Debug|Any CPU
		{7999B608-513F-9B26-83C6-8CEF846BA060}.Release|Any CPU.ActiveCfg = Release|Any CPU
		{7999B608-513F-9B26-83C6-8CEF846BA060}.Release|Any CPU.Build.0 = Release|Any CPU
	EndGlobalSection
	GlobalSection(SolutionProperties) = preSolution
		HideSolutionNode = FALSE
	EndGlobalSection
EndGlobal
